{
  "name": "codekit-project",
  "version": "1.0.0",
  "lockfileVersion": 1,
  "requires": true,
  "dependencies": {
    "uikit": {
      "version": "3.5.3",
      "resolved": "https://registry.npmjs.org/uikit/-/uikit-3.5.3.tgz",
      "integrity": "sha512-p3F7ICtq0XNYbTcrbOotjmdOAf8D7F8kbnZOIHomUK0fCVn8BdFPscRWzO/9cerxGw4eY7R7//BZupoyEYg2Fg=="
    }
  }
}
